
Microsoft Visual Studio Solution File, Format Version 12.00
# Visual Studio Version 17
VisualStudioVersion = 17.13.35913.81 d17.13
MinimumVisualStudioVersion = 10.0.40219.1
Project("{FAE04EC0-301F-11D3-BF4B-00C04F79EFBC}") = "teste-jenkins", "teste-jenkins\teste-jenkins.csproj", "{93BED87A-315B-4BD1-9AC5-6DFCE6F401AE}"
EndProject
Project("{E53339B2-1760-4266-BCC7-CA923CBCF16C}") = "docker-compose", "docker-compose.dcproj", "{81DDED9D-158B-E303-5F62-77A2896D2A5A}"
EndProject
Global
	GlobalSection(SolutionConfigurationPlatforms) = preSolution
		Debug|Any CPU = Debug|Any CPU
		Release|Any CPU = Release|Any CPU
	EndGlobalSection
	GlobalSection(ProjectConfigurationPlatforms) = postSolution
		{93BED87A-315B-4BD1-9AC5-6DFCE6F401AE}.Debug|Any CPU.ActiveCfg = Debug|Any CPU
		{93BED87A-315B-4BD1-9AC5-6DFCE6F401AE}.Debug|Any CPU.Build.0 = Debug|Any CPU
		{93BED87A-315B-4BD1-9AC5-6DFCE6F401AE}.Release|Any CPU.ActiveCfg = Release|Any CPU
		{93BED87A-315B-4BD1-9AC5-6DFCE6F401AE}.Release|Any CPU.Build.0 = Release|Any CPU
		{81DDED9D-158B-E303-5F62-77A2896D2A5A}.Debug|Any CPU.ActiveCfg = Debug|Any CPU
		{81DDED9D-158B-E303-5F62-77A2896D2A5A}.Debug|Any CPU.Build.0 = Debug|Any CPU
		{81DDED9D-158B-E303-5F62-77A2896D2A5A}.Release|Any CPU.ActiveCfg = Release|Any CPU
		{81DDED9D-158B-E303-5F62-77A2896D2A5A}.Release|Any CPU.Build.0 = Release|Any CPU
	EndGlobalSection
	GlobalSection(SolutionProperties) = preSolution
		HideSolutionNode = FALSE
	EndGlobalSection
	GlobalSection(ExtensibilityGlobals) = postSolution
		SolutionGuid = {E9D9E7F2-DD1D-4B50-B327-F02497DE12B5}
	EndGlobalSection
EndGlobal
